{
  "originHash" : "f078b030f325eb48f6a4666a94259890b09f5e2a04feeedf480630ed227efb1f",
  "pins" : [
    {
      "identity" : "about-view",
      "kind" : "remoteSourceControl",
      "location" : "https://github.com/Iomegan/About-View",
      "state" : {
        "branch" : "main",
        "revision" : "7cf7fed9582ed8052a3f7396f4146c9591d84518"
      }
    }
  ],
  "version" : 3
}
